{
  "name": "fp",
  "version": "1.0.0",
  "lockfileVersion": 1,
  "requires": true,
  "dependencies": {
    "partial-js": {
      "version": "1.1.8",
      "resolved": "https://registry.npmjs.org/partial-js/-/partial-js-1.1.8.tgz",
      "integrity": "sha512-weEU2aREvG4T54aaloNYlmW198A/7V/xDLi4+c0tIBBLZcnW0LXLo/N03PlmzK7qbYeL5t/VerV3PzvNMmgqmg=="
    }
  }
}
