{
  "name": "fp",
  "version": "1.0.0",
  "lockfileVersion": 1,
  "requires": true,
  "dependencies": {
    "core-js": {
      "version": "3.2.0",
      "resolved": "https://registry.npmjs.org/core-js/-/core-js-3.2.0.tgz",
      "integrity": "sha512-gybgLzmr7SQRSF6UzGYXducx4eE10ONQlyEnQoqiGPbmbn7zLkb73tPfc4YbZN0lvcTQwoLNPjq4RuCaCumGyQ=="
    },
    "fxjs": {
      "version": "0.11.4",
      "resolved": "https://registry.npmjs.org/fxjs/-/fxjs-0.11.4.tgz",
      "integrity": "sha512-lj6urStrPkEVvA7VPwf/YnlYhBpfEHwBfqO8qwBgZ006wIr1dEC8qiQcaVmbnsNuFuZG6Q1PJOuC4+vzWZjO7w==",
      "requires": {
        "core-js": "^3.0.1",
        "regenerator-runtime": "^0.13.2"
      }
    },
    "partial-js": {
      "version": "1.1.8",
      "resolved": "https://registry.npmjs.org/partial-js/-/partial-js-1.1.8.tgz",
      "integrity": "sha512-weEU2aREvG4T54aaloNYlmW198A/7V/xDLi4+c0tIBBLZcnW0LXLo/N03PlmzK7qbYeL5t/VerV3PzvNMmgqmg=="
    },
    "regenerator-runtime": {
      "version": "0.13.3",
      "resolved": "https://registry.npmjs.org/regenerator-runtime/-/regenerator-runtime-0.13.3.tgz",
      "integrity": "sha512-naKIZz2GQ8JWh///G7L3X6LaQUAMp2lvb1rvwwsURe/VXwD6VMfr+/1NuNw3ag8v2kY1aQ/go5SNn79O9JU7yw=="
    }
  }
}
